// !$*UTF8*$!
{
	archiveVersion = 1;
	classes = {
	};
	objectVersion = 56;
	objects = {

/* Begin PBXBuildFile section */
		A512DC9C2ADEC3DC0000010B /* AppDelegate.swift in Sources */ = {isa = PBXBuildFile; fileRef = A512DC9B2ADEC3DC0000010B /* AppDelegate.swift */; };
		A512DC9E2ADEC3DC0000010B /* SceneDelegate.swift in Sources */ = {isa = PBXBuildFile; fileRef = A512DC9D2ADEC3DC0000010B /* SceneDelegate.swift */; };
		A512DCA02ADEC3DC0000010B /* ViewController.swift in Sources */ = {isa = PBXBuildFile; fileRef = A512DC9F2ADEC3DC0000010B /* ViewController.swift */; };
		A512DCA32ADEC3DC0000010B /* Main.storyboard in Resources */ = {isa = PBXBuildFile; fileRef = A512DCA12ADEC3DC0000010B /* Main.storyboard */; };
		A512DCA52ADEC3DE0000010B /* Assets.xcassets in Resources */ = {isa = PBXBuildFile; fileRef = A512DCA42ADEC3DE0000010B /* Assets.xcassets */; };
		A512DCA82ADEC3DE0000010B /* LaunchScreen.storyboard in Resources */ = {isa = PBXBuildFile; fileRef = A512DCA62ADEC3DE0000010B /* LaunchScreen.storyboard */; };
		A512DCB32ADEC3DE0000010B /* oderMenuTests.swift in Sources */ = {isa = PBXBuildFile; fileRef = A512DCB22ADEC3DE0000010B /* oderMenuTests.swift */; };
		A512DCBD2ADEC3DE0000010B /* oderMenuUITests.swift in Sources */ = {isa = PBXBuildFile; fileRef = A512DCBC2ADEC3DE0000010B /* oderMenuUITests.swift */; };
		A512DCBF2ADEC3DE0000010B /* oderMenuUITestsLaunchTests.swift in Sources */ = {isa = PBXBuildFile; fileRef = A512DCBE2ADEC3DE0000010B /* oderMenuUITestsLaunchTests.swift */; };
		A512DCCC2ADEC3F70000010B /* Menu.swift in Sources */ = {isa = PBXBuildFile; fileRef = A512DCCB2ADEC3F70000010B /* Menu.swift */; };
/* End PBXBuildFile section */

/* Begin PBXContainerItemProxy section */
		A512DCAF2ADEC3DE0000010B /* PBXContainerItemProxy */ = {
			isa = PBXContainerItemProxy;
			containerPortal = A512DC902ADEC3DC0000010B /* Project object */;
			proxyType = 1;
			remoteGlobalIDString = A512DC972ADEC3DC0000010B;
			remoteInfo = oderMenu;
		};
		A512DCB92ADEC3DE0000010B /* PBXContainerItemProxy */ = {
			isa = PBXContainerItemProxy;
			containerPortal = A512DC902ADEC3DC0000010B /* Project object */;
			proxyType = 1;
			remoteGlobalIDString = A512DC972ADEC3DC0000010B;
			remoteInfo = oderMenu;
		};
/* End PBXContainerItemProxy section */

/* Begin PBXFileReference section */
		A512DC982ADEC3DC0000010B /* oderMenu.app */ = {isa = PBXFileReference; explicitFileType = wrapper.application; includeInIndex = 0; path = oderMenu.app; sourceTree = BUILT_PRODUCTS_DIR; };
		A512DC9B2ADEC3DC0000010B /* AppDelegate.swift */ = {isa = PBXFileReference; lastKnownFileType = sourcecode.swift; path = AppDelegate.swift; sourceTree = "<group>"; };
		A512DC9D2ADEC3DC0000010B /* SceneDelegate.swift */ = {isa = PBXFileReference; lastKnownFileType = sourcecode.swift; path = SceneDelegate.swift; sourceTree = "<group>"; };
		A512DC9F2ADEC3DC0000010B /* ViewController.swift */ = {isa = PBXFileReference; lastKnownFileType = sourcecode.swift; path = ViewController.swift; sourceTree = "<group>"; };
		A512DCA22ADEC3DC0000010B /* Base */ = {isa = PBXFileReference; lastKnownFileType = file.storyboard; name = Base; path = Base.lproj/Main.storyboard; sourceTree = "<group>"; };
		A512DCA42ADEC3DE0000010B /* Assets.xcassets */ = {isa = PBXFileReference; lastKnownFileType = folder.assetcatalog; path = Assets.xcassets; sourceTree = "<group>"; };
		A512DCA72ADEC3DE0000010B /* Base */ = {isa = PBXFileReference; lastKnownFileType = file.storyboard; name = Base; path = Base.lproj/LaunchScreen.storyboard; sourceTree = "<group>"; };
		A512DCA92ADEC3DE0000010B /* Info.plist */ = {isa = PBXFileReference; lastKnownFileType = text.plist.xml; path = Info.plist; sourceTree = "<group>"; };
		A512DCAE2ADEC3DE0000010B /* oderMenuTests.xctest */ = {isa = PBXFileReference; explicitFileType = wrapper.cfbundle; includeInIndex = 0; path = oderMenuTests.xctest; sourceTree = BUILT_PRODUCTS_DIR; };
		A512DCB22ADEC3DE0000010B /* oderMenuTests.swift */ = {isa = PBXFileReference; lastKnownFileType = sourcecode.swift; path = oderMenuTests.swift; sourceTree = "<group>"; };
		A512DCB82ADEC3DE0000010B /* oderMenuUITests.xctest */ = {isa = PBXFileReference; explicitFileType = wrapper.cfbundle; includeInIndex = 0; path = oderMenuUITests.xctest; sourceTree = BUILT_PRODUCTS_DIR; };
		A512DCBC2ADEC3DE0000010B /* oderMenuUITests.swift */ = {isa = PBXFileReference; lastKnownFileType = sourcecode.swift; path = oderMenuUITests.swift; sourceTree = "<group>"; };
		A512DCBE2ADEC3DE0000010B /* oderMenuUITestsLaunchTests.swift */ = {isa = PBXFileReference; lastKnownFileType = sourcecode.swift; path = oderMenuUITestsLaunchTests.swift; sourceTree = "<group>"; };
		A512DCCB2ADEC3F70000010B /* Menu.swift */ = {isa = PBXFileReference; lastKnownFileType = sourcecode.swift; path = Menu.swift; sourceTree = "<group>"; };
/* End PBXFileReference section */

/* Begin PBXFrameworksBuildPhase section */
		A512DC952ADEC3DC0000010B /* Frameworks */ = {
			isa = PBXFrameworksBuildPhase;
			buildActionMask = 2147483647;
			files = (
			);
			runOnlyForDeploymentPostprocessing = 0;
		};
		A512DCAB2ADEC3DE0000010B /* Frameworks */ = {
			isa = PBXFrameworksBuildPhase;
			buildActionMask = 2147483647;
			files = (
			);
			runOnlyForDeploymentPostprocessing = 0;
		};
		A512DCB52ADEC3DE0000010B /* Frameworks */ = {
			isa = PBXFrameworksBuildPhase;
			buildActionMask = 2147483647;
			files = (
			);
			runOnlyForDeploymentPostprocessing = 0;
		};
/* End PBXFrameworksBuildPhase section */

/* Begin PBXGroup section */
		A512DC8F2ADEC3DC0000010B = {
			isa = PBXGroup;
			children = (
				A512DC9A2ADEC3DC0000010B /* oderMenu */,
				A512DCB12ADEC3DE0000010B /* oderMenuTests */,
				A512DCBB2ADEC3DE0000010B /* oderMenuUITests */,
				A512DC992ADEC3DC0000010B /* Products */,
			);
			sourceTree = "<group>";
		};
		A512DC992ADEC3DC0000010B /* Products */ = {
			isa = PBXGroup;
			children = (
				A512DC982ADEC3DC0000010B /* oderMenu.app */,
				A512DCAE2ADEC3DE0000010B /* oderMenuTests.xctest */,
				A512DCB82ADEC3DE0000010B /* oderMenuUITests.xctest */,
			);
			name = Products;
			sourceTree = "<group>";
		};
		A512DC9A2ADEC3DC0000010B /* oderMenu */ = {
			isa = PBXGroup;
			children = (
				A512DC9B2ADEC3DC0000010B /* AppDelegate.swift */,
				A512DC9D2ADEC3DC0000010B /* SceneDelegate.swift */,
				A512DC9F2ADEC3DC0000010B /* ViewController.swift */,
				A512DCA12ADEC3DC0000010B /* Main.storyboard */,
				A512DCCB2ADEC3F70000010B /* Menu.swift */,
				A512DCA42ADEC3DE0000010B /* Assets.xcassets */,
				A512DCA62ADEC3DE0000010B /* LaunchScreen.storyboard */,
				A512DCA92ADEC3DE0000010B /* Info.plist */,
			);
			path = oderMenu;
			sourceTree = "<group>";
		};
		A512DCB12ADEC3DE0000010B /* oderMenuTests */ = {
			isa = PBXGroup;
			children = (
				A512DCB22ADEC3DE0000010B /* oderMenuTests.swift */,
			);
			path = oderMenuTests;
			sourceTree = "<group>";
		};
		A512DCBB2ADEC3DE0000010B /* oderMenuUITests */ = {
			isa = PBXGroup;
			children = (
				A512DCBC2ADEC3DE0000010B /* oderMenuUITests.swift */,
				A512DCBE2ADEC3DE0000010B /* oderMenuUITestsLaunchTests.swift */,
			);
			path = oderMenuUITests;
			sourceTree = "<group>";
		};
/* End PBXGroup section */

/* Begin PBXNativeTarget section */
		A512DC972ADEC3DC0000010B /* oderMenu */ = {
			isa = PBXNativeTarget;
			buildConfigurationList = A512DCC22ADEC3DE0000010B /* Build configuration list for PBXNativeTarget "oderMenu" */;
			buildPhases = (
				A512DC942ADEC3DC0000010B /* Sources */,
				A512DC952ADEC3DC0000010B /* Frameworks */,
				A512DC962ADEC3DC0000010B /* Resources */,
			);
			buildRules = (
			);
			dependencies = (
			);
			name = oderMenu;
			productName = oderMenu;
			productReference = A512DC982ADEC3DC0000010B /* oderMenu.app */;
			productType = "com.apple.product-type.application";
		};
		A512DCAD2ADEC3DE0000010B /* oderMenuTests */ = {
			isa = PBXNativeTarget;
			buildConfigurationList = A512DCC52ADEC3DE0000010B /* Build configuration list for PBXNativeTarget "oderMenuTests" */;
			buildPhases = (
				A512DCAA2ADEC3DE0000010B /* Sources */,
				A512DCAB2ADEC3DE0000010B /* Frameworks */,
				A512DCAC2ADEC3DE0000010B /* Resources */,
			);
			buildRules = (
			);
			dependencies = (
				A512DCB02ADEC3DE0000010B /* PBXTargetDependency */,
			);
			name = oderMenuTests;
			productName = oderMenuTests;
			productReference = A512DCAE2ADEC3DE0000010B /* oderMenuTests.xctest */;
			productType = "com.apple.product-type.bundle.unit-test";
		};
		A512DCB72ADEC3DE0000010B /* oderMenuUITests */ = {
			isa = PBXNativeTarget;
			buildConfigurationList = A512DCC82ADEC3DE0000010B /* Build configuration list for PBXNativeTarget "oderMenuUITests" */;
			buildPhases = (
				A512DCB42ADEC3DE0000010B /* Sources */,
				A512DCB52ADEC3DE0000010B /* Frameworks */,
				A512DCB62ADEC3DE0000010B /* Resources */,
			);
			buildRules = (
			);
			dependencies = (
				A512DCBA2ADEC3DE0000010B /* PBXTargetDependency */,
			);
			name = oderMenuUITests;
			productName = oderMenuUITests;
			productReference = A512DCB82ADEC3DE0000010B /* oderMenuUITests.xctest */;
			productType = "com.apple.product-type.bundle.ui-testing";
		};
/* End PBXNativeTarget section */

/* Begin PBXProject section */
		A512DC902ADEC3DC0000010B /* Project object */ = {
			isa = PBXProject;
			attributes = {
				BuildIndependentTargetsInParallel = 1;
				LastSwiftUpdateCheck = 1500;
				LastUpgradeCheck = 1500;
				TargetAttributes = {
					A512DC972ADEC3DC0000010B = {
						CreatedOnToolsVersion = 15.0;
					};
					A512DCAD2ADEC3DE0000010B = {
						CreatedOnToolsVersion = 15.0;
						TestTargetID = A512DC972ADEC3DC0000010B;
					};
					A512DCB72ADEC3DE0000010B = {
						CreatedOnToolsVersion = 15.0;
						TestTargetID = A512DC972ADEC3DC0000010B;
					};
				};
			};
			buildConfigurationList = A512DC932ADEC3DC0000010B /* Build configuration list for PBXProject "oderMenu" */;
			compatibilityVersion = "Xcode 14.0";
			developmentRegion = en;
			hasScannedForEncodings = 0;
			knownRegions = (
				en,
				Base,
			);
			mainGroup = A512DC8F2ADEC3DC0000010B;
			productRefGroup = A512DC992ADEC3DC0000010B /* Products */;
			projectDirPath = "";
			projectRoot = "";
			targets = (
				A512DC972ADEC3DC0000010B /* oderMenu */,
				A512DCAD2ADEC3DE0000010B /* oderMenuTests */,
				A512DCB72ADEC3DE0000010B /* oderMenuUITests */,
			);
		};
/* End PBXProject section */

/* Begin PBXResourcesBuildPhase section */
		A512DC962ADEC3DC0000010B /* Resources */ = {
			isa = PBXResourcesBuildPhase;
			buildActionMask = 2147483647;
			files = (
				A512DCA82ADEC3DE0000010B /* LaunchScreen.storyboard in Resources */,
				A512DCA52ADEC3DE0000010B /* Assets.xcassets in Resources */,
				A512DCA32ADEC3DC0000010B /* Main.storyboard in Resources */,
			);
			runOnlyForDeploymentPostprocessing = 0;
		};
		A512DCAC2ADEC3DE0000010B /* Resources */ = {
			isa = PBXResourcesBuildPhase;
			buildActionMask = 2147483647;
			files = (
			);
			runOnlyForDeploymentPostprocessing = 0;
		};
		A512DCB62ADEC3DE0000010B /* Resources */ = {
			isa = PBXResourcesBuildPhase;
			buildActionMask = 2147483647;
			files = (
			);
			runOnlyForDeploymentPostprocessing = 0;
		};
/* End PBXResourcesBuildPhase section */

/* Begin PBXSourcesBuildPhase section */
		A512DC942ADEC3DC0000010B /* Sources */ = {
			isa = PBXSourcesBuildPhase;
			buildActionMask = 2147483647;
			files = (
				A512DCA02ADEC3DC0000010B /* ViewController.swift in Sources */,
				A512DC9C2ADEC3DC0000010B /* AppDelegate.swift in Sources */,
				A512DCCC2ADEC3F70000010B /* Menu.swift in Sources */,
				A512DC9E2ADEC3DC0000010B /* SceneDelegate.swift in Sources */,
			);
			runOnlyForDeploymentPostprocessing = 0;
		};
		A512DCAA2ADEC3DE0000010B /* Sources */ = {
			isa = PBXSourcesBuildPhase;
			buildActionMask = 2147483647;
			files = (
				A512DCB32ADEC3DE0000010B /* oderMenuTests.swift in Sources */,
			);
			runOnlyForDeploymentPostprocessing = 0;
		};
		A512DCB42ADEC3DE0000010B /* Sources */ = {
			isa = PBXSourcesBuildPhase;
			buildActionMask = 2147483647;
			files = (
				A512DCBF2ADEC3DE0000010B /* oderMenuUITestsLaunchTests.swift in Sources */,
				A512DCBD2ADEC3DE0000010B /* oderMenuUITests.swift in Sources */,
			);
			runOnlyForDeploymentPostprocessing = 0;
		};
/* End PBXSourcesBuildPhase section */

/* Begin PBXTargetDependency section */
		A512DCB02ADEC3DE0000010B /* PBXTargetDependency */ = {
			isa = PBXTargetDependency;
			target = A512DC972ADEC3DC0000010B /* oderMenu */;
			targetProxy = A512DCAF2ADEC3DE0000010B /* PBXContainerItemProxy */;
		};
		A512DCBA2ADEC3DE0000010B /* PBXTargetDependency */ = {
			isa = PBXTargetDependency;
			target = A512DC972ADEC3DC0000010B /* oderMenu */;
			targetProxy = A512DCB92ADEC3DE0000010B /* PBXContainerItemProxy */;
		};
/* End PBXTargetDependency section */

/* Begin PBXVariantGroup section */
		A512DCA12ADEC3DC0000010B /* Main.storyboard */ = {
			isa = PBXVariantGroup;
			children = (
				A512DCA22ADEC3DC0000010B /* Base */,
			);
			name = Main.storyboard;
			sourceTree = "<group>";
		};
		A512DCA62ADEC3DE0000010B /* LaunchScreen.storyboard */ = {
			isa = PBXVariantGroup;
			children = (
				A512DCA72ADEC3DE0000010B /* Base */,
			);
			name = LaunchScreen.storyboard;
			sourceTree = "<group>";
		};
/* End PBXVariantGroup section */

/* Begin XCBuildConfiguration section */
		A512DCC02ADEC3DE0000010B /* Debug */ = {
			isa = XCBuildConfiguration;
			buildSettings = {
				ALWAYS_SEARCH_USER_PATHS = NO;
				ASSETCATALOG_COMPILER_GENERATE_SWIFT_ASSET_SYMBOL_EXTENSIONS = YES;
				CLANG_ANALYZER_NONNULL = YES;
				CLANG_ANALYZER_NUMBER_OBJECT_CONVERSION = YES_AGGRESSIVE;
				CLANG_CXX_LANGUAGE_STANDARD = "gnu++20";
				CLANG_ENABLE_MODULES = YES;
				CLANG_ENABLE_OBJC_ARC = YES;
				CLANG_ENABLE_OBJC_WEAK = YES;
				CLANG_WARN_BLOCK_CAPTURE_AUTORELEASING = YES;
				CLANG_WARN_BOOL_CONVERSION = YES;
				CLANG_WARN_COMMA = YES;
				CLANG_WARN_CONSTANT_CONVERSION = YES;
				CLANG_WARN_DEPRECATED_OBJC_IMPLEMENTATIONS = YES;
				CLANG_WARN_DIRECT_OBJC_ISA_USAGE = YES_ERROR;
				CLANG_WARN_DOCUMENTATION_COMMENTS = YES;
				CLANG_WARN_EMPTY_BODY = YES;
				CLANG_WARN_ENUM_CONVERSION = YES;
				CLANG_WARN_INFINITE_RECURSION = YES;
				CLANG_WARN_INT_CONVERSION = YES;
				CLANG_WARN_NON_LITERAL_NULL_CONVERSION = YES;
				CLANG_WARN_OBJC_IMPLICIT_RETAIN_SELF = YES;
				CLANG_WARN_OBJC_LITERAL_CONVERSION = YES;
				CLANG_WARN_OBJC_ROOT_CLASS = YES_ERROR;
				CLANG_WARN_QUOTED_INCLUDE_IN_FRAMEWORK_HEADER = YES;
				CLANG_WARN_RANGE_LOOP_ANALYSIS = YES;
				CLANG_WARN_STRICT_PROTOTYPES = YES;
				CLANG_WARN_SUSPICIOUS_MOVE = YES;
				CLANG_WARN_UNGUARDED_AVAILABILITY = YES_AGGRESSIVE;
				CLANG_WARN_UNREACHABLE_CODE = YES;
				CLANG_WARN__DUPLICATE_METHOD_MATCH = YES;
				COPY_PHASE_STRIP = NO;
				DEBUG_INFORMATION_FORMAT = dwarf;
				ENABLE_STRICT_OBJC_MSGSEND = YES;
				ENABLE_TESTABILITY = YES;
				ENABLE_USER_SCRIPT_SANDBOXING = YES;
				GCC_C_LANGUAGE_STANDARD = gnu17;
				GCC_DYNAMIC_NO_PIC = NO;
				GCC_NO_COMMON_BLOCKS = YES;
				GCC_OPTIMIZATION_LEVEL = 0;
				GCC_PREPROCESSOR_DEFINITIONS = (
					"DEBUG=1",
					"$(inherited)",
				);
				GCC_WARN_64_TO_32_BIT_CONVERSION = YES;
				GCC_WARN_ABOUT_RETURN_TYPE = YES_ERROR;
				GCC_WARN_UNDECLARED_SELECTOR = YES;
				GCC_WARN_UNINITIALIZED_AUTOS = YES_AGGRESSIVE;
				GCC_WARN_UNUSED_FUNCTION = YES;
				GCC_WARN_UNUSED_VARIABLE = YES;
				IPHONEOS_DEPLOYMENT_TARGET = 17.0;
				LOCALIZATION_PREFERS_STRING_CATALOGS = YES;
				MTL_ENABLE_DEBUG_INFO = INCLUDE_SOURCE;
				MTL_FAST_MATH = YES;
				ONLY_ACTIVE_ARCH = YES;
				SDKROOT = iphoneos;
				SWIFT_ACTIVE_COMPILATION_CONDITIONS = "DEBUG $(inherited)";
				SWIFT_OPTIMIZATION_LEVEL = "-Onone";
			};
			name = Debug;
		};
		A512DCC12ADEC3DE0000010B /* Release */ = {
			isa = XCBuildConfiguration;
			buildSettings = {
				ALWAYS_SEARCH_USER_PATHS = NO;
				ASSETCATALOG_COMPILER_GENERATE_SWIFT_ASSET_SYMBOL_EXTENSIONS = YES;
				CLANG_ANALYZER_NONNULL = YES;
				CLANG_ANALYZER_NUMBER_OBJECT_CONVERSION = YES_AGGRESSIVE;
				CLANG_CXX_LANGUAGE_STANDARD = "gnu++20";
				CLANG_ENABLE_MODULES = YES;
				CLANG_ENABLE_OBJC_ARC = YES;
				CLANG_ENABLE_OBJC_WEAK = YES;
				CLANG_WARN_BLOCK_CAPTURE_AUTORELEASING = YES;
				CLANG_WARN_BOOL_CONVERSION = YES;
				CLANG_WARN_COMMA = YES;
				CLANG_WARN_CONSTANT_CONVERSION = YES;
				CLANG_WARN_DEPRECATED_OBJC_IMPLEMENTATIONS = YES;
				CLANG_WARN_DIRECT_OBJC_ISA_USAGE = YES_ERROR;
				CLANG_WARN_DOCUMENTATION_COMMENTS = YES;
				CLANG_WARN_EMPTY_BODY = YES;
				CLANG_WARN_ENUM_CONVERSION = YES;
				CLANG_WARN_INFINITE_RECURSION = YES;
				CLANG_WARN_INT_CONVERSION = YES;
				CLANG_WARN_NON_LITERAL_NULL_CONVERSION = YES;
				CLANG_WARN_OBJC_IMPLICIT_RETAIN_SELF = YES;
				CLANG_WARN_OBJC_LITERAL_CONVERSION = YES;
				CLANG_WARN_OBJC_ROOT_CLASS = YES_ERROR;
				CLANG_WARN_QUOTED_INCLUDE_IN_FRAMEWORK_HEADER = YES;
				CLANG_WARN_RANGE_LOOP_ANALYSIS = YES;
				CLANG_WARN_STRICT_PROTOTYPES = YES;
				CLANG_WARN_SUSPICIOUS_MOVE = YES;
				CLANG_WARN_UNGUARDED_AVAILABILITY = YES_AGGRESSIVE;
				CLANG_WARN_UNREACHABLE_CODE = YES;
				CLANG_WARN__DUPLICATE_METHOD_MATCH = YES;
				COPY_PHASE_STRIP = NO;
				DEBUG_INFORMATION_FORMAT = "dwarf-with-dsym";
				ENABLE_NS_ASSERTIONS = NO;
				ENABLE_STRICT_OBJC_MSGSEND = YES;
				ENABLE_USER_SCRIPT_SANDBOXING = YES;
				GCC_C_LANGUAGE_STANDARD = gnu17;
				GCC_NO_COMMON_BLOCKS = YES;
				GCC_WARN_64_TO_32_BIT_CONVERSION = YES;
				GCC_WARN_ABOUT_RETURN_TYPE = YES_ERROR;
				GCC_WARN_UNDECLARED_SELECTOR = YES;
				GCC_WARN_UNINITIALIZED_AUTOS = YES_AGGRESSIVE;
				GCC_WARN_UNUSED_FUNCTION = YES;
				GCC_WARN_UNUSED_VARIABLE = YES;
				IPHONEOS_DEPLOYMENT_TARGET = 17.0;
				LOCALIZATION_PREFERS_STRING_CATALOGS = YES;
				MTL_ENABLE_DEBUG_INFO = NO;
				MTL_FAST_MATH = YES;
				SDKROOT = iphoneos;
				SWIFT_COMPILATION_MODE = wholemodule;
				VALIDATE_PRODUCT = YES;
			};
			name = Release;
		};
		A512DCC32ADEC3DE0000010B /* Debug */ = {
			isa = XCBuildConfiguration;
			buildSettings = {
				ASSETCATALOG_COMPILER_APPICON_NAME = AppIcon;
				ASSETCATALOG_COMPILER_GLOBAL_ACCENT_COLOR_NAME = AccentColor;
				CODE_SIGN_STYLE = Automatic;
				CURRENT_PROJECT_VERSION = 1;
				DEVELOPMENT_TEAM = LN86J53QW3;
				GENERATE_INFOPLIST_FILE = YES;
				INFOPLIST_FILE = oderMenu/Info.plist;
				INFOPLIST_KEY_UIApplicationSupportsIndirectInputEvents = YES;
				INFOPLIST_KEY_UILaunchStoryboardName = LaunchScreen;
				INFOPLIST_KEY_UIMainStoryboardFile = Main;
				INFOPLIST_KEY_UISupportedInterfaceOrientations_iPad = "UIInterfaceOrientationPortrait UIInterfaceOrientationPortraitUpsideDown UIInterfaceOrientationLandscapeLeft UIInterfaceOrientationLandscapeRight";
				INFOPLIST_KEY_UISupportedInterfaceOrientations_iPhone = "UIInterfaceOrientationPortrait UIInterfaceOrientationLandscapeLeft UIInterfaceOrientationLandscapeRight";
				LD_RUNPATH_SEARCH_PATHS = (
					"$(inherited)",
					"@executable_path/Frameworks",
				);
				MARKETING_VERSION = 1.0;
				PRODUCT_BUNDLE_IDENTIFIER = com.timmy.oderMenu;
				PRODUCT_NAME = "$(TARGET_NAME)";
				SWIFT_EMIT_LOC_STRINGS = YES;
				SWIFT_VERSION = 5.0;
				TARGETED_DEVICE_FAMILY = "1,2";
			};
			name = Debug;
		};
		A512DCC42ADEC3DE0000010B /* Release */ = {
			isa = XCBuildConfiguration;
			buildSettings = {
				ASSETCATALOG_COMPILER_APPICON_NAME = AppIcon;
				ASSETCATALOG_COMPILER_GLOBAL_ACCENT_COLOR_NAME = AccentColor;
				CODE_SIGN_STYLE = Automatic;
				CURRENT_PROJECT_VERSION = 1;
				DEVELOPMENT_TEAM = LN86J53QW3;
				GENERATE_INFOPLIST_FILE = YES;
				INFOPLIST_FILE = oderMenu/Info.plist;
				INFOPLIST_KEY_UIApplicationSupportsIndirectInputEvents = YES;
				INFOPLIST_KEY_UILaunchStoryboardName = LaunchScreen;
				INFOPLIST_KEY_UIMainStoryboardFile = Main;
				INFOPLIST_KEY_UISupportedInterfaceOrientations_iPad = "UIInterfaceOrientationPortrait UIInterfaceOrientationPortraitUpsideDown UIInterfaceOrientationLandscapeLeft UIInterfaceOrientationLandscapeRight";
				INFOPLIST_KEY_UISupportedInterfaceOrientations_iPhone = "UIInterfaceOrientationPortrait UIInterfaceOrientationLandscapeLeft UIInterfaceOrientationLandscapeRight";
				LD_RUNPATH_SEARCH_PATHS = (
					"$(inherited)",
					"@executable_path/Frameworks",
				);
				MARKETING_VERSION = 1.0;
				PRODUCT_BUNDLE_IDENTIFIER = com.timmy.oderMenu;
				PRODUCT_NAME = "$(TARGET_NAME)";
				SWIFT_EMIT_LOC_STRINGS = YES;
				SWIFT_VERSION = 5.0;
				TARGETED_DEVICE_FAMILY = "1,2";
			};
			name = Release;
		};
		A512DCC62ADEC3DE0000010B /* Debug */ = {
			isa = XCBuildConfiguration;
			buildSettings = {
				ALWAYS_EMBED_SWIFT_STANDARD_LIBRARIES = YES;
				BUNDLE_LOADER = "$(TEST_HOST)";
				CODE_SIGN_STYLE = Automatic;
				CURRENT_PROJECT_VERSION = 1;
				DEVELOPMENT_TEAM = LN86J53QW3;
				GENERATE_INFOPLIST_FILE = YES;
				IPHONEOS_DEPLOYMENT_TARGET = 17.0;
				MARKETING_VERSION = 1.0;
				PRODUCT_BUNDLE_IDENTIFIER = com.timmy.oderMenuTests;
				PRODUCT_NAME = "$(TARGET_NAME)";
				SWIFT_EMIT_LOC_STRINGS = NO;
				SWIFT_VERSION = 5.0;
				TARGETED_DEVICE_FAMILY = "1,2";
				TEST_HOST = "$(BUILT_PRODUCTS_DIR)/oderMenu.app/$(BUNDLE_EXECUTABLE_FOLDER_PATH)/oderMenu";
			};
			name = Debug;
		};
		A512DCC72ADEC3DE0000010B /* Release */ = {
			isa = XCBuildConfiguration;
			buildSettings = {
				ALWAYS_EMBED_SWIFT_STANDARD_LIBRARIES = YES;
				BUNDLE_LOADER = "$(TEST_HOST)";
				CODE_SIGN_STYLE = Automatic;
				CURRENT_PROJECT_VERSION = 1;
				DEVELOPMENT_TEAM = LN86J53QW3;
				GENERATE_INFOPLIST_FILE = YES;
				IPHONEOS_DEPLOYMENT_TARGET = 17.0;
				MARKETING_VERSION = 1.0;
				PRODUCT_BUNDLE_IDENTIFIER = com.timmy.oderMenuTests;
				PRODUCT_NAME = "$(TARGET_NAME)";
				SWIFT_EMIT_LOC_STRINGS = NO;
				SWIFT_VERSION = 5.0;
				TARGETED_DEVICE_FAMILY = "1,2";
				TEST_HOST = "$(BUILT_PRODUCTS_DIR)/oderMenu.app/$(BUNDLE_EXECUTABLE_FOLDER_PATH)/oderMenu";
			};
			name = Release;
		};
		A512DCC92ADEC3DE0000010B /* Debug */ = {
			isa = XCBuildConfiguration;
			buildSettings = {
				ALWAYS_EMBED_SWIFT_STANDARD_LIBRARIES = YES;
				CODE_SIGN_STYLE = Automatic;
				CURRENT_PROJECT_VERSION = 1;
				DEVELOPMENT_TEAM = LN86J53QW3;
				GENERATE_INFOPLIST_FILE = YES;
				MARKETING_VERSION = 1.0;
				PRODUCT_BUNDLE_IDENTIFIER = com.timmy.oderMenuUITests;
				PRODUCT_NAME = "$(TARGET_NAME)";
				SWIFT_EMIT_LOC_STRINGS = NO;
				SWIFT_VERSION = 5.0;
				TARGETED_DEVICE_FAMILY = "1,2";
				TEST_TARGET_NAME = oderMenu;
			};
			name = Debug;
		};
		A512DCCA2ADEC3DE0000010B /* Release */ = {
			isa = XCBuildConfiguration;
			buildSettings = {
				ALWAYS_EMBED_SWIFT_STANDARD_LIBRARIES = YES;
				CODE_SIGN_STYLE = Automatic;
				CURRENT_PROJECT_VERSION = 1;
				DEVELOPMENT_TEAM = LN86J53QW3;
				GENERATE_INFOPLIST_FILE = YES;
				MARKETING_VERSION = 1.0;
				PRODUCT_BUNDLE_IDENTIFIER = com.timmy.oderMenuUITests;
				PRODUCT_NAME = "$(TARGET_NAME)";
				SWIFT_EMIT_LOC_STRINGS = NO;
				SWIFT_VERSION = 5.0;
				TARGETED_DEVICE_FAMILY = "1,2";
				TEST_TARGET_NAME = oderMenu;
			};
			name = Release;
		};
/* End XCBuildConfiguration section */

/* Begin XCConfigurationList section */
		A512DC932ADEC3DC0000010B /* Build configuration list for PBXProject "oderMenu" */ = {
			isa = XCConfigurationList;
			buildConfigurations = (
				A512DCC02ADEC3DE0000010B /* Debug */,
				A512DCC12ADEC3DE0000010B /* Release */,
			);
			defaultConfigurationIsVisible = 0;
			defaultConfigurationName = Release;
		};
		A512DCC22ADEC3DE0000010B /* Build configuration list for PBXNativeTarget "oderMenu" */ = {
			isa = XCConfigurationList;
			buildConfigurations = (
				A512DCC32ADEC3DE0000010B /* Debug */,
				A512DCC42ADEC3DE0000010B /* Release */,
			);
			defaultConfigurationIsVisible = 0;
			defaultConfigurationName = Release;
		};
		A512DCC52ADEC3DE0000010B /* Build configuration list for PBXNativeTarget "oderMenuTests" */ = {
			isa = XCConfigurationList;
			buildConfigurations = (
				A512DCC62ADEC3DE0000010B /* Debug */,
				A512DCC72ADEC3DE0000010B /* Release */,
			);
			defaultConfigurationIsVisible = 0;
			defaultConfigurationName = Release;
		};
		A512DCC82ADEC3DE0000010B /* Build configuration list for PBXNativeTarget "oderMenuUITests" */ = {
			isa = XCConfigurationList;
			buildConfigurations = (
				A512DCC92ADEC3DE0000010B /* Debug */,
				A512DCCA2ADEC3DE0000010B /* Release */,
			);
			defaultConfigurationIsVisible = 0;
			defaultConfigurationName = Release;
		};
/* End XCConfigurationList section */
	};
	rootObject = A512DC902ADEC3DC0000010B /* Project object */;
}
